# This file is automatically @generated by Cargo.
# It is not intended for manual editing.
version = 3

[[package]]
name = "bitflags"
version = "0.7.0"
source = "registry+https://github.com/rust-lang/crates.io-index"
checksum = "aad18937a628ec6abcd26d1489012cc0e18c21798210f491af69ded9b881106d"

[[package]]
name = "frank_jwt"
version = "2.2.1"
dependencies = [
 "openssl",
 "rustc-serialize",
 "time",
]

[[package]]
name = "gcc"
version = "0.3.27"
source = "registry+https://github.com/rust-lang/crates.io-index"
checksum = "806e63121fbf30760b060a5fc2d1e9f47e1bd356d183e8870367c6c12cc9d5ed"

[[package]]
name = "gdi32-sys"
version = "0.2.0"
source = "registry+https://github.com/rust-lang/crates.io-index"
checksum = "0912515a8ff24ba900422ecda800b52f4016a56251922d397c576bf92c690518"
dependencies = [
 "winapi",
 "winapi-build",
]

[[package]]
name = "lazy_static"
version = "0.2.1"
source = "registry+https://github.com/rust-lang/crates.io-index"
checksum = "49247ec2a285bb3dcb23cbd9c35193c025e7251bfce77c1d5da97e6362dffe7f"

[[package]]
name = "libc"
version = "0.2.10"
source = "registry+https://github.com/rust-lang/crates.io-index"
checksum = "55f3730be7e803cf350d32061958171731c2395831fbd67a61083782808183e0"

[[package]]
name = "libressl-pnacl-sys"
version = "2.1.6"
source = "registry+https://github.com/rust-lang/crates.io-index"
checksum = "cbc058951ab6a3ef35ca16462d7642c4867e6403520811f28537a4e2f2db3e71"
dependencies = [
 "pnacl-build-helper",
]

[[package]]
name = "openssl"
version = "0.7.14"
source = "registry+https://github.com/rust-lang/crates.io-index"
checksum = "c4117b6244aac42ed0150a6019b4d953d28247c5dd6ae6f46ae469b5f2318733"
dependencies = [
 "bitflags",
 "gcc",
 "lazy_static",
 "libc",
 "openssl-sys",
 "openssl-sys-extras",
]

[[package]]
name = "openssl-sys"
version = "0.7.14"
source = "registry+https://github.com/rust-lang/crates.io-index"
checksum = "b8ac5e9d911dd4c3202bbf4139b73bc7a1231f7d0a39432c6f893745f0e04120"
dependencies = [
 "gdi32-sys",
 "libc",
 "libressl-pnacl-sys",
 "pkg-config",
 "user32-sys",
]

[[package]]
name = "openssl-sys-extras"
version = "0.7.14"
source = "registry+https://github.com/rust-lang/crates.io-index"
checksum = "11c5e1dba7d3d03d80f045bf0d60111dc69213b67651e7c889527a3badabb9fa"
dependencies = [
 "gcc",
 "libc",
 "openssl-sys",
]

[[package]]
name = "pkg-config"
version = "0.3.8"
source = "registry+https://github.com/rust-lang/crates.io-index"
checksum = "8cee804ecc7eaf201a4a207241472cc870e825206f6c031e3ee2a72fa425f2fa"

[[package]]
name = "pnacl-build-helper"
version = "1.4.10"
source = "registry+https://github.com/rust-lang/crates.io-index"
checksum = "61c9231d31aea845007443d62fcbb58bb6949ab9c18081ee1e09920e0cf1118b"
dependencies = [
 "tempdir",
]

[[package]]
name = "rand"
version = "0.3.14"
source = "registry+https://github.com/rust-lang/crates.io-index"
checksum = "2791d88c6defac799c3f20d74f094ca33b9332612d9aef9078519c82e4fe04a5"
dependencies = [
 "libc",
]

[[package]]
name = "rustc-serialize"
version = "0.3.19"
source = "registry+https://github.com/rust-lang/crates.io-index"
checksum = "6159e4e6e559c81bd706afe9c8fd68f547d3e851ce12e76b1de7914bab61691b"

[[package]]
name = "tempdir"
version = "0.3.4"
source = "registry+https://github.com/rust-lang/crates.io-index"
checksum = "0b62933a3f96cd559700662c34f8bab881d9e3540289fb4f368419c7f13a5aa9"
dependencies = [
 "rand",
]

[[package]]
name = "time"
version = "0.2.0"
source = "registry+https://github.com/rust-lang/crates.io-index"
checksum = "fcc26de0a81a07c8352b548977862908fa9863e0e6e4f0eb36b2a9f4f8845585"

[[package]]
name = "user32-sys"
version = "0.2.0"
source = "registry+https://github.com/rust-lang/crates.io-index"
checksum = "4ef4711d107b21b410a3a974b1204d9accc8b10dad75d8324b5d755de1617d47"
dependencies = [
 "winapi",
 "winapi-build",
]

[[package]]
name = "winapi"
version = "0.2.6"
source = "registry+https://github.com/rust-lang/crates.io-index"
checksum = "4dfaaa8fbdaa618fa6914b59b2769d690dd7521920a18d84b42d254678dd5fd4"

[[package]]
name = "winapi-build"
version = "0.1.1"
source = "registry+https://github.com/rust-lang/crates.io-index"
checksum = "2d315eee3b34aca4797b2da6b13ed88266e6d612562a0c46390af8299fc699bc"
